
Microsoft Visual Studio Solution File, Format Version 12.00
# Visual Studio Version 17
VisualStudioVersion = 17.0.31717.71
MinimumVisualStudioVersion = 10.0.40219.1
Project("{9A19103F-16F7-4668-BE54-9A1E7A4F7556}") = "MudBlazorWasmTeleport", "MudBlazorWasmTeleport.csproj", "{0E773BDC-0040-4A5F-A464-D7A85D4FC9C8}"
EndProject
Global
	GlobalSection(SolutionConfigurationPlatforms) = preSolution
		Debug|Any CPU = Debug|Any CPU
		Release|Any CPU = Release|Any CPU
	EndGlobalSection
	GlobalSection(ProjectConfigurationPlatforms) = postSolution
		{0E773BDC-0040-4A5F-A464-D7A85D4FC9C8}.Debug|Any CPU.ActiveCfg = Debug|Any CPU
		{0E773BDC-0040-4A5F-A464-D7A85D4FC9C8}.Debug|Any CPU.Build.0 = Debug|Any CPU
		{0E773BDC-0040-4A5F-A464-D7A85D4FC9C8}.Release|Any CPU.ActiveCfg = Release|Any CPU
		{0E773BDC-0040-4A5F-A464-D7A85D4FC9C8}.Release|Any CPU.Build.0 = Release|Any CPU
	EndGlobalSection
	GlobalSection(SolutionProperties) = preSolution
		HideSolutionNode = FALSE
	EndGlobalSection
	GlobalSection(ExtensibilityGlobals) = postSolution
		SolutionGuid = {62ECE80A-64CA-48CC-ACE4-B2AA4223AE98}
	EndGlobalSection
EndGlobal